
Microsoft Visual Studio Solution File, Format Version 12.00
# Visual Studio Version 16
VisualStudioVersion = 16.0.30413.136
MinimumVisualStudioVersion = 10.0.40219.1
Project("{FAE04EC0-301F-11D3-BF4B-00C04F79EFBC}") = "2laba", "2laba.csproj", "{4E42D43B-3C2D-4E2B-AF3B-AB3B6EFF05FA}"
EndProject
Global
	GlobalSection(SolutionConfigurationPlatforms) = preSolution
		Debug|Any CPU = Debug|Any CPU
		Release|Any CPU = Release|Any CPU
	EndGlobalSection
	GlobalSection(ProjectConfigurationPlatforms) = postSolution
		{4E42D43B-3C2D-4E2B-AF3B-AB3B6EFF05FA}.Debug|Any CPU.ActiveCfg = Debug|Any CPU
		{4E42D43B-3C2D-4E2B-AF3B-AB3B6EFF05FA}.Debug|Any CPU.Build.0 = Debug|Any CPU
		{4E42D43B-3C2D-4E2B-AF3B-AB3B6EFF05FA}.Release|Any CPU.ActiveCfg = Release|Any CPU
		{4E42D43B-3C2D-4E2B-AF3B-AB3B6EFF05FA}.Release|Any CPU.Build.0 = Release|Any CPU
	EndGlobalSection
	GlobalSection(SolutionProperties) = preSolution
		HideSolutionNode = FALSE
	EndGlobalSection
	GlobalSection(ExtensibilityGlobals) = postSolution
		SolutionGuid = {0D8344EF-A3DC-423E-A13F-76B6CDCBE616}
	EndGlobalSection
EndGlobal
